
Microsoft Visual Studio Solution File, Format Version 12.00
# Visual Studio Version 16
VisualStudioVersion = 16.0.30907.101
MinimumVisualStudioVersion = 10.0.40219.1
Project("{FAE04EC0-301F-11D3-BF4B-00C04F79EFBC}") = "DAL", "DAL\DAL.csproj", "{C644255C-E572-4591-B766-CC1A27FB6045}"
EndProject
Project("{FAE04EC0-301F-11D3-BF4B-00C04F79EFBC}") = "Server", "Server\Server.csproj", "{88B1F752-E000-406E-9457-CC480DEFACA7}"
EndProject
Project("{FAE04EC0-301F-11D3-BF4B-00C04F79EFBC}") = "Client", "Client\Client.csproj", "{6A1ACF78-3AC5-42A9-A7C4-760EA56D0F34}"
EndProject
Project("{FAE04EC0-301F-11D3-BF4B-00C04F79EFBC}") = "BLL", "BLL\BLL.csproj", "{4B07528C-524C-4D50-B691-012F881C75B5}"
EndProject
Global
	GlobalSection(SolutionConfigurationPlatforms) = preSolution
		Debug|Any CPU = Debug|Any CPU
		Release|Any CPU = Release|Any CPU
	EndGlobalSection
	GlobalSection(ProjectConfigurationPlatforms) = postSolution
		{C644255C-E572-4591-B766-CC1A27FB6045}.Debug|Any CPU.ActiveCfg = Debug|Any CPU
		{C644255C-E572-4591-B766-CC1A27FB6045}.Debug|Any CPU.Build.0 = Debug|Any CPU
		{C644255C-E572-4591-B766-CC1A27FB6045}.Release|Any CPU.ActiveCfg = Release|Any CPU
		{C644255C-E572-4591-B766-CC1A27FB6045}.Release|Any CPU.Build.0 = Release|Any CPU
		{88B1F752-E000-406E-9457-CC480DEFACA7}.Debug|Any CPU.ActiveCfg = Debug|Any CPU
		{88B1F752-E000-406E-9457-CC480DEFACA7}.Debug|Any CPU.Build.0 = Debug|Any CPU
		{88B1F752-E000-406E-9457-CC480DEFACA7}.Release|Any CPU.ActiveCfg = Release|Any CPU
		{88B1F752-E000-406E-9457-CC480DEFACA7}.Release|Any CPU.Build.0 = Release|Any CPU
		{6A1ACF78-3AC5-42A9-A7C4-760EA56D0F34}.Debug|Any CPU.ActiveCfg = Debug|Any CPU
		{6A1ACF78-3AC5-42A9-A7C4-760EA56D0F34}.Debug|Any CPU.Build.0 = Debug|Any CPU
		{6A1ACF78-3AC5-42A9-A7C4-760EA56D0F34}.Release|Any CPU.ActiveCfg = Release|Any CPU
		{6A1ACF78-3AC5-42A9-A7C4-760EA56D0F34}.Release|Any CPU.Build.0 = Release|Any CPU
		{4B07528C-524C-4D50-B691-012F881C75B5}.Debug|Any CPU.ActiveCfg = Debug|Any CPU
		{4B07528C-524C-4D50-B691-012F881C75B5}.Debug|Any CPU.Build.0 = Debug|Any CPU
		{4B07528C-524C-4D50-B691-012F881C75B5}.Release|Any CPU.ActiveCfg = Release|Any CPU
		{4B07528C-524C-4D50-B691-012F881C75B5}.Release|Any CPU.Build.0 = Release|Any CPU
	EndGlobalSection
	GlobalSection(SolutionProperties) = preSolution
		HideSolutionNode = FALSE
	EndGlobalSection
	GlobalSection(ExtensibilityGlobals) = postSolution
		SolutionGuid = {F90D931A-F6BC-45F0-9FDE-1711464A376F}
	EndGlobalSection
EndGlobal
