
Microsoft Visual Studio Solution File, Format Version 12.00
# Visual Studio 15
VisualStudioVersion = 15.0.28307.1145
MinimumVisualStudioVersion = 10.0.40219.1
Project("{FAE04EC0-301F-11D3-BF4B-00C04F79EFBC}") = "DAL", "DAL\DAL.csproj", "{C644255C-E572-4591-B766-CC1A27FB6045}"
EndProject
Global
	GlobalSection(SolutionConfigurationPlatforms) = preSolution
		Debug|Any CPU = Debug|Any CPU
		Release|Any CPU = Release|Any CPU
	EndGlobalSection
	GlobalSection(ProjectConfigurationPlatforms) = postSolution
		{C644255C-E572-4591-B766-CC1A27FB6045}.Debug|Any CPU.ActiveCfg = Debug|Any CPU
		{C644255C-E572-4591-B766-CC1A27FB6045}.Debug|Any CPU.Build.0 = Debug|Any CPU
		{C644255C-E572-4591-B766-CC1A27FB6045}.Release|Any CPU.ActiveCfg = Release|Any CPU
		{C644255C-E572-4591-B766-CC1A27FB6045}.Release|Any CPU.Build.0 = Release|Any CPU
	EndGlobalSection
	GlobalSection(SolutionProperties) = preSolution
		HideSolutionNode = FALSE
	EndGlobalSection
	GlobalSection(ExtensibilityGlobals) = postSolution
		SolutionGuid = {F90D931A-F6BC-45F0-9FDE-1711464A376F}
	EndGlobalSection
EndGlobal
